
Microsoft Visual Studio Solution File, Format Version 11.00
# Visual Studio 2010
Project("{FAE04EC0-301F-11D3-BF4B-00C04F79EFBC}") = "CaradocMission", "CaradocMission\CaradocMission.csproj", "{D1305212-8E83-481E-B32E-6CAE5AB1F799}"
EndProject
Project("{FAE04EC0-301F-11D3-BF4B-00C04F79EFBC}") = "MVC MultiTenant Controllers and Models", "..\..\shared\MVC MultiTenant\MVC MultiTenant Controllers and Models\MVC MultiTenant Controllers and Models.csproj", "{9AA4B560-89D3-4AD3-958A-9A48C6E73041}"
EndProject
Global
	GlobalSection(SolutionConfigurationPlatforms) = preSolution
		Debug|Any CPU = Debug|Any CPU
		Release|Any CPU = Release|Any CPU
	EndGlobalSection
	GlobalSection(ProjectConfigurationPlatforms) = postSolution
		{D1305212-8E83-481E-B32E-6CAE5AB1F799}.Debug|Any CPU.ActiveCfg = Debug|Any CPU
		{D1305212-8E83-481E-B32E-6CAE5AB1F799}.Debug|Any CPU.Build.0 = Debug|Any CPU
		{D1305212-8E83-481E-B32E-6CAE5AB1F799}.Release|Any CPU.ActiveCfg = Release|Any CPU
		{D1305212-8E83-481E-B32E-6CAE5AB1F799}.Release|Any CPU.Build.0 = Release|Any CPU
		{9AA4B560-89D3-4AD3-958A-9A48C6E73041}.Debug|Any CPU.ActiveCfg = Debug|Any CPU
		{9AA4B560-89D3-4AD3-958A-9A48C6E73041}.Debug|Any CPU.Build.0 = Debug|Any CPU
		{9AA4B560-89D3-4AD3-958A-9A48C6E73041}.Release|Any CPU.ActiveCfg = Release|Any CPU
		{9AA4B560-89D3-4AD3-958A-9A48C6E73041}.Release|Any CPU.Build.0 = Release|Any CPU
	EndGlobalSection
	GlobalSection(SolutionProperties) = preSolution
		HideSolutionNode = FALSE
	EndGlobalSection
	GlobalSection(SpecExplorer.ActivityCompletionStatus) = preSolution
		SpecExplorer.ActivityCompletionStatus = 
	EndGlobalSection
EndGlobal
